
Microsoft Visual Studio Solution File, Format Version 12.00
# Visual Studio Version 17
VisualStudioVersion = 17.0.31903.59
MinimumVisualStudioVersion = 10.0.40219.1
Project("{FAE04EC0-301F-11D3-BF4B-00C04F79EFBC}") = "RedesSociaisApp.API", "RedesSociaisApp.API\RedesSociaisApp.API.csproj", "{F9C06446-741C-44C8-9016-765A6CA7B88B}"
EndProject
Project("{FAE04EC0-301F-11D3-BF4B-00C04F79EFBC}") = "RedesSociaisApp.Domain", "RedesSociaisApp.Domain\RedesSociaisApp.Domain.csproj", "{0B3C838C-7B88-47CB-8ED2-0F97293FD861}"
EndProject
Project("{FAE04EC0-301F-11D3-BF4B-00C04F79EFBC}") = "RedesSociaisApp.Infrastructure", "RedesSociaisApp.Infrastructure\RedesSociaisApp.Infrastructure.csproj", "{3F07D38C-2C41-43B0-B4A0-E868BEA5F633}"
EndProject
Project("{FAE04EC0-301F-11D3-BF4B-00C04F79EFBC}") = "RedesSociaisApp.Application", "RedesSociaisApp.Application\RedesSociaisApp.Application.csproj", "{6F003AE3-64BB-4292-8ECF-1402E07734D8}"
EndProject
Project("{2150E333-8FDC-42A3-9474-1A3956D46DE8}") = "tests", "tests", "{78987DF5-3ED5-4AF0-AA43-48D0AF8CB414}"
EndProject
Project("{FAE04EC0-301F-11D3-BF4B-00C04F79EFBC}") = "RedesSociaisApp.UnitTests", "tests\RedesSociaisApp.UnitTests\RedesSociaisApp.UnitTests.csproj", "{F18B3864-BD45-4F81-A0F0-105241442135}"
EndProject
Global
	GlobalSection(SolutionConfigurationPlatforms) = preSolution
		Debug|Any CPU = Debug|Any CPU
		Release|Any CPU = Release|Any CPU
	EndGlobalSection
	GlobalSection(ProjectConfigurationPlatforms) = postSolution
		{F9C06446-741C-44C8-9016-765A6CA7B88B}.Debug|Any CPU.ActiveCfg = Debug|Any CPU
		{F9C06446-741C-44C8-9016-765A6CA7B88B}.Debug|Any CPU.Build.0 = Debug|Any CPU
		{F9C06446-741C-44C8-9016-765A6CA7B88B}.Release|Any CPU.ActiveCfg = Release|Any CPU
		{F9C06446-741C-44C8-9016-765A6CA7B88B}.Release|Any CPU.Build.0 = Release|Any CPU
		{0B3C838C-7B88-47CB-8ED2-0F97293FD861}.Debug|Any CPU.ActiveCfg = Debug|Any CPU
		{0B3C838C-7B88-47CB-8ED2-0F97293FD861}.Debug|Any CPU.Build.0 = Debug|Any CPU
		{0B3C838C-7B88-47CB-8ED2-0F97293FD861}.Release|Any CPU.ActiveCfg = Release|Any CPU
		{0B3C838C-7B88-47CB-8ED2-0F97293FD861}.Release|Any CPU.Build.0 = Release|Any CPU
		{3F07D38C-2C41-43B0-B4A0-E868BEA5F633}.Debug|Any CPU.ActiveCfg = Debug|Any CPU
		{3F07D38C-2C41-43B0-B4A0-E868BEA5F633}.Debug|Any CPU.Build.0 = Debug|Any CPU
		{3F07D38C-2C41-43B0-B4A0-E868BEA5F633}.Release|Any CPU.ActiveCfg = Release|Any CPU
		{3F07D38C-2C41-43B0-B4A0-E868BEA5F633}.Release|Any CPU.Build.0 = Release|Any CPU
		{6F003AE3-64BB-4292-8ECF-1402E07734D8}.Debug|Any CPU.ActiveCfg = Debug|Any CPU
		{6F003AE3-64BB-4292-8ECF-1402E07734D8}.Debug|Any CPU.Build.0 = Debug|Any CPU
		{6F003AE3-64BB-4292-8ECF-1402E07734D8}.Release|Any CPU.ActiveCfg = Release|Any CPU
		{6F003AE3-64BB-4292-8ECF-1402E07734D8}.Release|Any CPU.Build.0 = Release|Any CPU
		{F18B3864-BD45-4F81-A0F0-105241442135}.Debug|Any CPU.ActiveCfg = Debug|Any CPU
		{F18B3864-BD45-4F81-A0F0-105241442135}.Debug|Any CPU.Build.0 = Debug|Any CPU
		{F18B3864-BD45-4F81-A0F0-105241442135}.Release|Any CPU.ActiveCfg = Release|Any CPU
		{F18B3864-BD45-4F81-A0F0-105241442135}.Release|Any CPU.Build.0 = Release|Any CPU
	EndGlobalSection
	GlobalSection(SolutionProperties) = preSolution
		HideSolutionNode = FALSE
	EndGlobalSection
	GlobalSection(ExtensibilityGlobals) = postSolution
		SolutionGuid = {2338E991-CCFD-460C-9759-46404C82ECC9}
	EndGlobalSection
	GlobalSection(NestedProjects) = preSolution
		{F18B3864-BD45-4F81-A0F0-105241442135} = {78987DF5-3ED5-4AF0-AA43-48D0AF8CB414}
	EndGlobalSection
EndGlobal
